// !$*UTF8*$!
{
	archiveVersion = 1;
	classes = {
	};
	objectVersion = 56;
	objects = {

/* Begin PBXBuildFile section */
		447770A62BB8792800C03BBB /* LiveActivitiesAndDynamicIslandApp.swift in Sources */ = {isa = PBXBuildFile; fileRef = 447770A52BB8792800C03BBB /* LiveActivitiesAndDynamicIslandApp.swift */; };
		447770A82BB8792800C03BBB /* ContentView.swift in Sources */ = {isa = PBXBuildFile; fileRef = 447770A72BB8792800C03BBB /* ContentView.swift */; };
		447770AA2BB8792A00C03BBB /* Assets.xcassets in Resources */ = {isa = PBXBuildFile; fileRef = 447770A92BB8792A00C03BBB /* Assets.xcassets */; };
		447770AD2BB8792A00C03BBB /* Preview Assets.xcassets in Resources */ = {isa = PBXBuildFile; fileRef = 447770AC2BB8792A00C03BBB /* Preview Assets.xcassets */; };
		447770BA2BB8799B00C03BBB /* WidgetKit.framework in Frameworks */ = {isa = PBXBuildFile; fileRef = 447770B92BB8799B00C03BBB /* WidgetKit.framework */; };
		447770BC2BB8799B00C03BBB /* SwiftUI.framework in Frameworks */ = {isa = PBXBuildFile; fileRef = 447770BB2BB8799B00C03BBB /* SwiftUI.framework */; };
		447770BF2BB8799B00C03BBB /* OrderStatusBundle.swift in Sources */ = {isa = PBXBuildFile; fileRef = 447770BE2BB8799B00C03BBB /* OrderStatusBundle.swift */; };
		447770C12BB8799B00C03BBB /* OrderStatusLiveActivity.swift in Sources */ = {isa = PBXBuildFile; fileRef = 447770C02BB8799B00C03BBB /* OrderStatusLiveActivity.swift */; };
		447770C32BB8799B00C03BBB /* OrderStatus.swift in Sources */ = {isa = PBXBuildFile; fileRef = 447770C22BB8799B00C03BBB /* OrderStatus.swift */; };
		447770C52BB8799B00C03BBB /* AppIntent.swift in Sources */ = {isa = PBXBuildFile; fileRef = 447770C42BB8799B00C03BBB /* AppIntent.swift */; };
		447770C72BB8799D00C03BBB /* Assets.xcassets in Resources */ = {isa = PBXBuildFile; fileRef = 447770C62BB8799D00C03BBB /* Assets.xcassets */; };
		447770CB2BB8799D00C03BBB /* OrderStatusExtension.appex in Embed Foundation Extensions */ = {isa = PBXBuildFile; fileRef = 447770B72BB8799B00C03BBB /* OrderStatusExtension.appex */; settings = {ATTRIBUTES = (RemoveHeadersOnCopy, ); }; };
		447770D22BB87B6300C03BBB /* OrderAttributes.swift in Sources */ = {isa = PBXBuildFile; fileRef = 447770D12BB87B6300C03BBB /* OrderAttributes.swift */; };
		447770D32BB87B6D00C03BBB /* OrderAttributes.swift in Sources */ = {isa = PBXBuildFile; fileRef = 447770D12BB87B6300C03BBB /* OrderAttributes.swift */; };
		447770D52BB886C700C03BBB /* Assets.xcassets in Resources */ = {isa = PBXBuildFile; fileRef = 447770A92BB8792A00C03BBB /* Assets.xcassets */; };
/* End PBXBuildFile section */

/* Begin PBXContainerItemProxy section */
		447770C92BB8799D00C03BBB /* PBXContainerItemProxy */ = {
			isa = PBXContainerItemProxy;
			containerPortal = 4477709A2BB8792800C03BBB /* Project object */;
			proxyType = 1;
			remoteGlobalIDString = 447770B62BB8799B00C03BBB;
			remoteInfo = OrderStatusExtension;
		};
/* End PBXContainerItemProxy section */

/* Begin PBXCopyFilesBuildPhase section */
		447770CF2BB8799D00C03BBB /* Embed Foundation Extensions */ = {
			isa = PBXCopyFilesBuildPhase;
			buildActionMask = 2147483647;
			dstPath = "";
			dstSubfolderSpec = 13;
			files = (
				447770CB2BB8799D00C03BBB /* OrderStatusExtension.appex in Embed Foundation Extensions */,
			);
			name = "Embed Foundation Extensions";
			runOnlyForDeploymentPostprocessing = 0;
		};
/* End PBXCopyFilesBuildPhase section */

/* Begin PBXFileReference section */
		447770A22BB8792800C03BBB /* LiveActivitiesAndDynamicIsland.app */ = {isa = PBXFileReference; explicitFileType = wrapper.application; includeInIndex = 0; path = LiveActivitiesAndDynamicIsland.app; sourceTree = BUILT_PRODUCTS_DIR; };
		447770A52BB8792800C03BBB /* LiveActivitiesAndDynamicIslandApp.swift */ = {isa = PBXFileReference; lastKnownFileType = sourcecode.swift; path = LiveActivitiesAndDynamicIslandApp.swift; sourceTree = "<group>"; };
		447770A72BB8792800C03BBB /* ContentView.swift */ = {isa = PBXFileReference; lastKnownFileType = sourcecode.swift; path = ContentView.swift; sourceTree = "<group>"; };
		447770A92BB8792A00C03BBB /* Assets.xcassets */ = {isa = PBXFileReference; lastKnownFileType = folder.assetcatalog; path = Assets.xcassets; sourceTree = "<group>"; };
		447770AC2BB8792A00C03BBB /* Preview Assets.xcassets */ = {isa = PBXFileReference; lastKnownFileType = folder.assetcatalog; path = "Preview Assets.xcassets"; sourceTree = "<group>"; };
		447770B72BB8799B00C03BBB /* OrderStatusExtension.appex */ = {isa = PBXFileReference; explicitFileType = "wrapper.app-extension"; includeInIndex = 0; path = OrderStatusExtension.appex; sourceTree = BUILT_PRODUCTS_DIR; };
		447770B92BB8799B00C03BBB /* WidgetKit.framework */ = {isa = PBXFileReference; lastKnownFileType = wrapper.framework; name = WidgetKit.framework; path = System/Library/Frameworks/WidgetKit.framework; sourceTree = SDKROOT; };
		447770BB2BB8799B00C03BBB /* SwiftUI.framework */ = {isa = PBXFileReference; lastKnownFileType = wrapper.framework; name = SwiftUI.framework; path = System/Library/Frameworks/SwiftUI.framework; sourceTree = SDKROOT; };
		447770BE2BB8799B00C03BBB /* OrderStatusBundle.swift */ = {isa = PBXFileReference; lastKnownFileType = sourcecode.swift; path = OrderStatusBundle.swift; sourceTree = "<group>"; };
		447770C02BB8799B00C03BBB /* OrderStatusLiveActivity.swift */ = {isa = PBXFileReference; lastKnownFileType = sourcecode.swift; path = OrderStatusLiveActivity.swift; sourceTree = "<group>"; };
		447770C22BB8799B00C03BBB /* OrderStatus.swift */ = {isa = PBXFileReference; lastKnownFileType = sourcecode.swift; path = OrderStatus.swift; sourceTree = "<group>"; };
		447770C42BB8799B00C03BBB /* AppIntent.swift */ = {isa = PBXFileReference; lastKnownFileType = sourcecode.swift; path = AppIntent.swift; sourceTree = "<group>"; };
		447770C62BB8799D00C03BBB /* Assets.xcassets */ = {isa = PBXFileReference; lastKnownFileType = folder.assetcatalog; path = Assets.xcassets; sourceTree = "<group>"; };
		447770C82BB8799D00C03BBB /* Info.plist */ = {isa = PBXFileReference; lastKnownFileType = text.plist.xml; path = Info.plist; sourceTree = "<group>"; };
		447770D12BB87B6300C03BBB /* OrderAttributes.swift */ = {isa = PBXFileReference; lastKnownFileType = sourcecode.swift; path = OrderAttributes.swift; sourceTree = "<group>"; };
/* End PBXFileReference section */

/* Begin PBXFrameworksBuildPhase section */
		4477709F2BB8792800C03BBB /* Frameworks */ = {
			isa = PBXFrameworksBuildPhase;
			buildActionMask = 2147483647;
			files = (
			);
			runOnlyForDeploymentPostprocessing = 0;
		};
		447770B42BB8799B00C03BBB /* Frameworks */ = {
			isa = PBXFrameworksBuildPhase;
			buildActionMask = 2147483647;
			files = (
				447770BC2BB8799B00C03BBB /* SwiftUI.framework in Frameworks */,
				447770BA2BB8799B00C03BBB /* WidgetKit.framework in Frameworks */,
			);
			runOnlyForDeploymentPostprocessing = 0;
		};
/* End PBXFrameworksBuildPhase section */

/* Begin PBXGroup section */
		447770992BB8792800C03BBB = {
			isa = PBXGroup;
			children = (
				447770A42BB8792800C03BBB /* LiveActivitiesAndDynamicIsland */,
				447770BD2BB8799B00C03BBB /* OrderStatus */,
				447770B82BB8799B00C03BBB /* Frameworks */,
				447770A32BB8792800C03BBB /* Products */,
			);
			sourceTree = "<group>";
		};
		447770A32BB8792800C03BBB /* Products */ = {
			isa = PBXGroup;
			children = (
				447770A22BB8792800C03BBB /* LiveActivitiesAndDynamicIsland.app */,
				447770B72BB8799B00C03BBB /* OrderStatusExtension.appex */,
			);
			name = Products;
			sourceTree = "<group>";
		};
		447770A42BB8792800C03BBB /* LiveActivitiesAndDynamicIsland */ = {
			isa = PBXGroup;
			children = (
				447770D02BB87B5000C03BBB /* Model */,
				447770A52BB8792800C03BBB /* LiveActivitiesAndDynamicIslandApp.swift */,
				447770A72BB8792800C03BBB /* ContentView.swift */,
				447770A92BB8792A00C03BBB /* Assets.xcassets */,
				447770AB2BB8792A00C03BBB /* Preview Content */,
			);
			path = LiveActivitiesAndDynamicIsland;
			sourceTree = "<group>";
		};
		447770AB2BB8792A00C03BBB /* Preview Content */ = {
			isa = PBXGroup;
			children = (
				447770AC2BB8792A00C03BBB /* Preview Assets.xcassets */,
			);
			path = "Preview Content";
			sourceTree = "<group>";
		};
		447770B82BB8799B00C03BBB /* Frameworks */ = {
			isa = PBXGroup;
			children = (
				447770B92BB8799B00C03BBB /* WidgetKit.framework */,
				447770BB2BB8799B00C03BBB /* SwiftUI.framework */,
			);
			name = Frameworks;
			sourceTree = "<group>";
		};
		447770BD2BB8799B00C03BBB /* OrderStatus */ = {
			isa = PBXGroup;
			children = (
				447770BE2BB8799B00C03BBB /* OrderStatusBundle.swift */,
				447770C02BB8799B00C03BBB /* OrderStatusLiveActivity.swift */,
				447770C22BB8799B00C03BBB /* OrderStatus.swift */,
				447770C42BB8799B00C03BBB /* AppIntent.swift */,
				447770C62BB8799D00C03BBB /* Assets.xcassets */,
				447770C82BB8799D00C03BBB /* Info.plist */,
			);
			path = OrderStatus;
			sourceTree = "<group>";
		};
		447770D02BB87B5000C03BBB /* Model */ = {
			isa = PBXGroup;
			children = (
				447770D12BB87B6300C03BBB /* OrderAttributes.swift */,
			);
			name = Model;
			sourceTree = "<group>";
		};
/* End PBXGroup section */

/* Begin PBXNativeTarget section */
		447770A12BB8792800C03BBB /* LiveActivitiesAndDynamicIsland */ = {
			isa = PBXNativeTarget;
			buildConfigurationList = 447770B02BB8792A00C03BBB /* Build configuration list for PBXNativeTarget "LiveActivitiesAndDynamicIsland" */;
			buildPhases = (
				4477709E2BB8792800C03BBB /* Sources */,
				4477709F2BB8792800C03BBB /* Frameworks */,
				447770A02BB8792800C03BBB /* Resources */,
				447770CF2BB8799D00C03BBB /* Embed Foundation Extensions */,
			);
			buildRules = (
			);
			dependencies = (
				447770CA2BB8799D00C03BBB /* PBXTargetDependency */,
			);
			name = LiveActivitiesAndDynamicIsland;
			productName = LiveActivitiesAndDynamicIsland;
			productReference = 447770A22BB8792800C03BBB /* LiveActivitiesAndDynamicIsland.app */;
			productType = "com.apple.product-type.application";
		};
		447770B62BB8799B00C03BBB /* OrderStatusExtension */ = {
			isa = PBXNativeTarget;
			buildConfigurationList = 447770CC2BB8799D00C03BBB /* Build configuration list for PBXNativeTarget "OrderStatusExtension" */;
			buildPhases = (
				447770B32BB8799B00C03BBB /* Sources */,
				447770B42BB8799B00C03BBB /* Frameworks */,
				447770B52BB8799B00C03BBB /* Resources */,
			);
			buildRules = (
			);
			dependencies = (
			);
			name = OrderStatusExtension;
			productName = OrderStatusExtension;
			productReference = 447770B72BB8799B00C03BBB /* OrderStatusExtension.appex */;
			productType = "com.apple.product-type.app-extension";
		};
/* End PBXNativeTarget section */

/* Begin PBXProject section */
		4477709A2BB8792800C03BBB /* Project object */ = {
			isa = PBXProject;
			attributes = {
				BuildIndependentTargetsInParallel = 1;
				LastSwiftUpdateCheck = 1530;
				LastUpgradeCheck = 1530;
				TargetAttributes = {
					447770A12BB8792800C03BBB = {
						CreatedOnToolsVersion = 15.3;
					};
					447770B62BB8799B00C03BBB = {
						CreatedOnToolsVersion = 15.3;
					};
				};
			};
			buildConfigurationList = 4477709D2BB8792800C03BBB /* Build configuration list for PBXProject "LiveActivitiesAndDynamicIsland" */;
			compatibilityVersion = "Xcode 14.0";
			developmentRegion = en;
			hasScannedForEncodings = 0;
			knownRegions = (
				en,
				Base,
			);
			mainGroup = 447770992BB8792800C03BBB;
			productRefGroup = 447770A32BB8792800C03BBB /* Products */;
			projectDirPath = "";
			projectRoot = "";
			targets = (
				447770A12BB8792800C03BBB /* LiveActivitiesAndDynamicIsland */,
				447770B62BB8799B00C03BBB /* OrderStatusExtension */,
			);
		};
/* End PBXProject section */

/* Begin PBXResourcesBuildPhase section */
		447770A02BB8792800C03BBB /* Resources */ = {
			isa = PBXResourcesBuildPhase;
			buildActionMask = 2147483647;
			files = (
				447770AD2BB8792A00C03BBB /* Preview Assets.xcassets in Resources */,
				447770AA2BB8792A00C03BBB /* Assets.xcassets in Resources */,
			);
			runOnlyForDeploymentPostprocessing = 0;
		};
		447770B52BB8799B00C03BBB /* Resources */ = {
			isa = PBXResourcesBuildPhase;
			buildActionMask = 2147483647;
			files = (
				447770D52BB886C700C03BBB /* Assets.xcassets in Resources */,
				447770C72BB8799D00C03BBB /* Assets.xcassets in Resources */,
			);
			runOnlyForDeploymentPostprocessing = 0;
		};
/* End PBXResourcesBuildPhase section */

/* Begin PBXSourcesBuildPhase section */
		4477709E2BB8792800C03BBB /* Sources */ = {
			isa = PBXSourcesBuildPhase;
			buildActionMask = 2147483647;
			files = (
				447770D22BB87B6300C03BBB /* OrderAttributes.swift in Sources */,
				447770A82BB8792800C03BBB /* ContentView.swift in Sources */,
				447770A62BB8792800C03BBB /* LiveActivitiesAndDynamicIslandApp.swift in Sources */,
			);
			runOnlyForDeploymentPostprocessing = 0;
		};
		447770B32BB8799B00C03BBB /* Sources */ = {
			isa = PBXSourcesBuildPhase;
			buildActionMask = 2147483647;
			files = (
				447770C32BB8799B00C03BBB /* OrderStatus.swift in Sources */,
				447770C52BB8799B00C03BBB /* AppIntent.swift in Sources */,
				447770D32BB87B6D00C03BBB /* OrderAttributes.swift in Sources */,
				447770BF2BB8799B00C03BBB /* OrderStatusBundle.swift in Sources */,
				447770C12BB8799B00C03BBB /* OrderStatusLiveActivity.swift in Sources */,
			);
			runOnlyForDeploymentPostprocessing = 0;
		};
/* End PBXSourcesBuildPhase section */

/* Begin PBXTargetDependency section */
		447770CA2BB8799D00C03BBB /* PBXTargetDependency */ = {
			isa = PBXTargetDependency;
			target = 447770B62BB8799B00C03BBB /* OrderStatusExtension */;
			targetProxy = 447770C92BB8799D00C03BBB /* PBXContainerItemProxy */;
		};
/* End PBXTargetDependency section */

/* Begin XCBuildConfiguration section */
		447770AE2BB8792A00C03BBB /* Debug */ = {
			isa = XCBuildConfiguration;
			buildSettings = {
				ALWAYS_SEARCH_USER_PATHS = NO;
				ASSETCATALOG_COMPILER_GENERATE_SWIFT_ASSET_SYMBOL_EXTENSIONS = YES;
				CLANG_ANALYZER_NONNULL = YES;
				CLANG_ANALYZER_NUMBER_OBJECT_CONVERSION = YES_AGGRESSIVE;
				CLANG_CXX_LANGUAGE_STANDARD = "gnu++20";
				CLANG_ENABLE_MODULES = YES;
				CLANG_ENABLE_OBJC_ARC = YES;
				CLANG_ENABLE_OBJC_WEAK = YES;
				CLANG_WARN_BLOCK_CAPTURE_AUTORELEASING = YES;
				CLANG_WARN_BOOL_CONVERSION = YES;
				CLANG_WARN_COMMA = YES;
				CLANG_WARN_CONSTANT_CONVERSION = YES;
				CLANG_WARN_DEPRECATED_OBJC_IMPLEMENTATIONS = YES;
				CLANG_WARN_DIRECT_OBJC_ISA_USAGE = YES_ERROR;
				CLANG_WARN_DOCUMENTATION_COMMENTS = YES;
				CLANG_WARN_EMPTY_BODY = YES;
				CLANG_WARN_ENUM_CONVERSION = YES;
				CLANG_WARN_INFINITE_RECURSION = YES;
				CLANG_WARN_INT_CONVERSION = YES;
				CLANG_WARN_NON_LITERAL_NULL_CONVERSION = YES;
				CLANG_WARN_OBJC_IMPLICIT_RETAIN_SELF = YES;
				CLANG_WARN_OBJC_LITERAL_CONVERSION = YES;
				CLANG_WARN_OBJC_ROOT_CLASS = YES_ERROR;
				CLANG_WARN_QUOTED_INCLUDE_IN_FRAMEWORK_HEADER = YES;
				CLANG_WARN_RANGE_LOOP_ANALYSIS = YES;
				CLANG_WARN_STRICT_PROTOTYPES = YES;
				CLANG_WARN_SUSPICIOUS_MOVE = YES;
				CLANG_WARN_UNGUARDED_AVAILABILITY = YES_AGGRESSIVE;
				CLANG_WARN_UNREACHABLE_CODE = YES;
				CLANG_WARN__DUPLICATE_METHOD_MATCH = YES;
				COPY_PHASE_STRIP = NO;
				DEBUG_INFORMATION_FORMAT = dwarf;
				ENABLE_STRICT_OBJC_MSGSEND = YES;
				ENABLE_TESTABILITY = YES;
				ENABLE_USER_SCRIPT_SANDBOXING = YES;
				GCC_C_LANGUAGE_STANDARD = gnu17;
				GCC_DYNAMIC_NO_PIC = NO;
				GCC_NO_COMMON_BLOCKS = YES;
				GCC_OPTIMIZATION_LEVEL = 0;
				GCC_PREPROCESSOR_DEFINITIONS = (
					"DEBUG=1",
					"$(inherited)",
				);
				GCC_WARN_64_TO_32_BIT_CONVERSION = YES;
				GCC_WARN_ABOUT_RETURN_TYPE = YES_ERROR;
				GCC_WARN_UNDECLARED_SELECTOR = YES;
				GCC_WARN_UNINITIALIZED_AUTOS = YES_AGGRESSIVE;
				GCC_WARN_UNUSED_FUNCTION = YES;
				GCC_WARN_UNUSED_VARIABLE = YES;
				IPHONEOS_DEPLOYMENT_TARGET = 17.4;
				LOCALIZATION_PREFERS_STRING_CATALOGS = YES;
				MTL_ENABLE_DEBUG_INFO = INCLUDE_SOURCE;
				MTL_FAST_MATH = YES;
				ONLY_ACTIVE_ARCH = YES;
				SDKROOT = iphoneos;
				SWIFT_ACTIVE_COMPILATION_CONDITIONS = "DEBUG $(inherited)";
				SWIFT_OPTIMIZATION_LEVEL = "-Onone";
			};
			name = Debug;
		};
		447770AF2BB8792A00C03BBB /* Release */ = {
			isa = XCBuildConfiguration;
			buildSettings = {
				ALWAYS_SEARCH_USER_PATHS = NO;
				ASSETCATALOG_COMPILER_GENERATE_SWIFT_ASSET_SYMBOL_EXTENSIONS = YES;
				CLANG_ANALYZER_NONNULL = YES;
				CLANG_ANALYZER_NUMBER_OBJECT_CONVERSION = YES_AGGRESSIVE;
				CLANG_CXX_LANGUAGE_STANDARD = "gnu++20";
				CLANG_ENABLE_MODULES = YES;
				CLANG_ENABLE_OBJC_ARC = YES;
				CLANG_ENABLE_OBJC_WEAK = YES;
				CLANG_WARN_BLOCK_CAPTURE_AUTORELEASING = YES;
				CLANG_WARN_BOOL_CONVERSION = YES;
				CLANG_WARN_COMMA = YES;
				CLANG_WARN_CONSTANT_CONVERSION = YES;
				CLANG_WARN_DEPRECATED_OBJC_IMPLEMENTATIONS = YES;
				CLANG_WARN_DIRECT_OBJC_ISA_USAGE = YES_ERROR;
				CLANG_WARN_DOCUMENTATION_COMMENTS = YES;
				CLANG_WARN_EMPTY_BODY = YES;
				CLANG_WARN_ENUM_CONVERSION = YES;
				CLANG_WARN_INFINITE_RECURSION = YES;
				CLANG_WARN_INT_CONVERSION = YES;
				CLANG_WARN_NON_LITERAL_NULL_CONVERSION = YES;
				CLANG_WARN_OBJC_IMPLICIT_RETAIN_SELF = YES;
				CLANG_WARN_OBJC_LITERAL_CONVERSION = YES;
				CLANG_WARN_OBJC_ROOT_CLASS = YES_ERROR;
				CLANG_WARN_QUOTED_INCLUDE_IN_FRAMEWORK_HEADER = YES;
				CLANG_WARN_RANGE_LOOP_ANALYSIS = YES;
				CLANG_WARN_STRICT_PROTOTYPES = YES;
				CLANG_WARN_SUSPICIOUS_MOVE = YES;
				CLANG_WARN_UNGUARDED_AVAILABILITY = YES_AGGRESSIVE;
				CLANG_WARN_UNREACHABLE_CODE = YES;
				CLANG_WARN__DUPLICATE_METHOD_MATCH = YES;
				COPY_PHASE_STRIP = NO;
				DEBUG_INFORMATION_FORMAT = "dwarf-with-dsym";
				ENABLE_NS_ASSERTIONS = NO;
				ENABLE_STRICT_OBJC_MSGSEND = YES;
				ENABLE_USER_SCRIPT_SANDBOXING = YES;
				GCC_C_LANGUAGE_STANDARD = gnu17;
				GCC_NO_COMMON_BLOCKS = YES;
				GCC_WARN_64_TO_32_BIT_CONVERSION = YES;
				GCC_WARN_ABOUT_RETURN_TYPE = YES_ERROR;
				GCC_WARN_UNDECLARED_SELECTOR = YES;
				GCC_WARN_UNINITIALIZED_AUTOS = YES_AGGRESSIVE;
				GCC_WARN_UNUSED_FUNCTION = YES;
				GCC_WARN_UNUSED_VARIABLE = YES;
				IPHONEOS_DEPLOYMENT_TARGET = 17.4;
				LOCALIZATION_PREFERS_STRING_CATALOGS = YES;
				MTL_ENABLE_DEBUG_INFO = NO;
				MTL_FAST_MATH = YES;
				SDKROOT = iphoneos;
				SWIFT_COMPILATION_MODE = wholemodule;
				VALIDATE_PRODUCT = YES;
			};
			name = Release;
		};
		447770B12BB8792A00C03BBB /* Debug */ = {
			isa = XCBuildConfiguration;
			buildSettings = {
				ALWAYS_EMBED_SWIFT_STANDARD_LIBRARIES = YES;
				ASSETCATALOG_COMPILER_APPICON_NAME = AppIcon;
				ASSETCATALOG_COMPILER_GLOBAL_ACCENT_COLOR_NAME = AccentColor;
				CODE_SIGN_STYLE = Automatic;
				CURRENT_PROJECT_VERSION = 1;
				DEVELOPMENT_ASSET_PATHS = "\"LiveActivitiesAndDynamicIsland/Preview Content\"";
				ENABLE_PREVIEWS = YES;
				GENERATE_INFOPLIST_FILE = YES;
				INFOPLIST_KEY_NSSupportsLiveActivities = YES;
				INFOPLIST_KEY_UIApplicationSceneManifest_Generation = YES;
				INFOPLIST_KEY_UIApplicationSupportsIndirectInputEvents = YES;
				INFOPLIST_KEY_UILaunchScreen_Generation = YES;
				INFOPLIST_KEY_UISupportedInterfaceOrientations_iPad = "UIInterfaceOrientationPortrait UIInterfaceOrientationPortraitUpsideDown UIInterfaceOrientationLandscapeLeft UIInterfaceOrientationLandscapeRight";
				INFOPLIST_KEY_UISupportedInterfaceOrientations_iPhone = "UIInterfaceOrientationPortrait UIInterfaceOrientationLandscapeLeft UIInterfaceOrientationLandscapeRight";
				LD_RUNPATH_SEARCH_PATHS = (
					"$(inherited)",
					"@executable_path/Frameworks",
				);
				MARKETING_VERSION = 1.0;
				PRODUCT_BUNDLE_IDENTIFIER = com.JRG79.LiveActivitiesAndDynamicIsland;
				PRODUCT_NAME = "$(TARGET_NAME)";
				SUPPORTED_PLATFORMS = "iphoneos iphonesimulator";
				SUPPORTS_MACCATALYST = NO;
				SUPPORTS_MAC_DESIGNED_FOR_IPHONE_IPAD = NO;
				SUPPORTS_XR_DESIGNED_FOR_IPHONE_IPAD = NO;
				SWIFT_EMIT_LOC_STRINGS = YES;
				SWIFT_VERSION = 5.0;
				TARGETED_DEVICE_FAMILY = 1;
			};
			name = Debug;
		};
		447770B22BB8792A00C03BBB /* Release */ = {
			isa = XCBuildConfiguration;
			buildSettings = {
				ALWAYS_EMBED_SWIFT_STANDARD_LIBRARIES = YES;
				ASSETCATALOG_COMPILER_APPICON_NAME = AppIcon;
				ASSETCATALOG_COMPILER_GLOBAL_ACCENT_COLOR_NAME = AccentColor;
				CODE_SIGN_STYLE = Automatic;
				CURRENT_PROJECT_VERSION = 1;
				DEVELOPMENT_ASSET_PATHS = "\"LiveActivitiesAndDynamicIsland/Preview Content\"";
				ENABLE_PREVIEWS = YES;
				GENERATE_INFOPLIST_FILE = YES;
				INFOPLIST_KEY_NSSupportsLiveActivities = YES;
				INFOPLIST_KEY_UIApplicationSceneManifest_Generation = YES;
				INFOPLIST_KEY_UIApplicationSupportsIndirectInputEvents = YES;
				INFOPLIST_KEY_UILaunchScreen_Generation = YES;
				INFOPLIST_KEY_UISupportedInterfaceOrientations_iPad = "UIInterfaceOrientationPortrait UIInterfaceOrientationPortraitUpsideDown UIInterfaceOrientationLandscapeLeft UIInterfaceOrientationLandscapeRight";
				INFOPLIST_KEY_UISupportedInterfaceOrientations_iPhone = "UIInterfaceOrientationPortrait UIInterfaceOrientationLandscapeLeft UIInterfaceOrientationLandscapeRight";
				LD_RUNPATH_SEARCH_PATHS = (
					"$(inherited)",
					"@executable_path/Frameworks",
				);
				MARKETING_VERSION = 1.0;
				PRODUCT_BUNDLE_IDENTIFIER = com.JRG79.LiveActivitiesAndDynamicIsland;
				PRODUCT_NAME = "$(TARGET_NAME)";
				SUPPORTED_PLATFORMS = "iphoneos iphonesimulator";
				SUPPORTS_MACCATALYST = NO;
				SUPPORTS_MAC_DESIGNED_FOR_IPHONE_IPAD = NO;
				SUPPORTS_XR_DESIGNED_FOR_IPHONE_IPAD = NO;
				SWIFT_EMIT_LOC_STRINGS = YES;
				SWIFT_VERSION = 5.0;
				TARGETED_DEVICE_FAMILY = 1;
			};
			name = Release;
		};
		447770CD2BB8799D00C03BBB /* Debug */ = {
			isa = XCBuildConfiguration;
			buildSettings = {
				ASSETCATALOG_COMPILER_GLOBAL_ACCENT_COLOR_NAME = AccentColor;
				ASSETCATALOG_COMPILER_WIDGET_BACKGROUND_COLOR_NAME = WidgetBackground;
				CODE_SIGN_STYLE = Automatic;
				CURRENT_PROJECT_VERSION = 1;
				GENERATE_INFOPLIST_FILE = YES;
				INFOPLIST_FILE = OrderStatus/Info.plist;
				INFOPLIST_KEY_CFBundleDisplayName = OrderStatus;
				INFOPLIST_KEY_NSHumanReadableCopyright = "";
				LD_RUNPATH_SEARCH_PATHS = (
					"$(inherited)",
					"@executable_path/Frameworks",
					"@executable_path/../../Frameworks",
				);
				MARKETING_VERSION = 1.0;
				PRODUCT_BUNDLE_IDENTIFIER = com.JRG79.LiveActivitiesAndDynamicIsland.OrderStatus;
				PRODUCT_NAME = "$(TARGET_NAME)";
				SKIP_INSTALL = YES;
				SWIFT_EMIT_LOC_STRINGS = YES;
				SWIFT_VERSION = 5.0;
				TARGETED_DEVICE_FAMILY = "1,2";
			};
			name = Debug;
		};
		447770CE2BB8799D00C03BBB /* Release */ = {
			isa = XCBuildConfiguration;
			buildSettings = {
				ASSETCATALOG_COMPILER_GLOBAL_ACCENT_COLOR_NAME = AccentColor;
				ASSETCATALOG_COMPILER_WIDGET_BACKGROUND_COLOR_NAME = WidgetBackground;
				CODE_SIGN_STYLE = Automatic;
				CURRENT_PROJECT_VERSION = 1;
				GENERATE_INFOPLIST_FILE = YES;
				INFOPLIST_FILE = OrderStatus/Info.plist;
				INFOPLIST_KEY_CFBundleDisplayName = OrderStatus;
				INFOPLIST_KEY_NSHumanReadableCopyright = "";
				LD_RUNPATH_SEARCH_PATHS = (
					"$(inherited)",
					"@executable_path/Frameworks",
					"@executable_path/../../Frameworks",
				);
				MARKETING_VERSION = 1.0;
				PRODUCT_BUNDLE_IDENTIFIER = com.JRG79.LiveActivitiesAndDynamicIsland.OrderStatus;
				PRODUCT_NAME = "$(TARGET_NAME)";
				SKIP_INSTALL = YES;
				SWIFT_EMIT_LOC_STRINGS = YES;
				SWIFT_VERSION = 5.0;
				TARGETED_DEVICE_FAMILY = "1,2";
			};
			name = Release;
		};
/* End XCBuildConfiguration section */

/* Begin XCConfigurationList section */
		4477709D2BB8792800C03BBB /* Build configuration list for PBXProject "LiveActivitiesAndDynamicIsland" */ = {
			isa = XCConfigurationList;
			buildConfigurations = (
				447770AE2BB8792A00C03BBB /* Debug */,
				447770AF2BB8792A00C03BBB /* Release */,
			);
			defaultConfigurationIsVisible = 0;
			defaultConfigurationName = Release;
		};
		447770B02BB8792A00C03BBB /* Build configuration list for PBXNativeTarget "LiveActivitiesAndDynamicIsland" */ = {
			isa = XCConfigurationList;
			buildConfigurations = (
				447770B12BB8792A00C03BBB /* Debug */,
				447770B22BB8792A00C03BBB /* Release */,
			);
			defaultConfigurationIsVisible = 0;
			defaultConfigurationName = Release;
		};
		447770CC2BB8799D00C03BBB /* Build configuration list for PBXNativeTarget "OrderStatusExtension" */ = {
			isa = XCConfigurationList;
			buildConfigurations = (
				447770CD2BB8799D00C03BBB /* Debug */,
				447770CE2BB8799D00C03BBB /* Release */,
			);
			defaultConfigurationIsVisible = 0;
			defaultConfigurationName = Release;
		};
/* End XCConfigurationList section */
	};
	rootObject = 4477709A2BB8792800C03BBB /* Project object */;
}
