// !$*UTF8*$!
{
	archiveVersion = 1;
	classes = {
	};
	objectVersion = 56;
	objects = {

/* Begin PBXBuildFile section */
		446EE37F2BEF924200B85286 /* HeroLayer.swift in Sources */ = {isa = PBXBuildFile; fileRef = 446EE37E2BEF924200B85286 /* HeroLayer.swift */; };
		446EE3812BEF929300B85286 /* HeroKey.swift in Sources */ = {isa = PBXBuildFile; fileRef = 446EE3802BEF929300B85286 /* HeroKey.swift */; };
		446EE3842BF0217B00B85286 /* View+Extensions.swift in Sources */ = {isa = PBXBuildFile; fileRef = 446EE3832BF0217B00B85286 /* View+Extensions.swift */; };
		4474F92B2BEED475002610A0 /* PhotosAppTransitionApp.swift in Sources */ = {isa = PBXBuildFile; fileRef = 4474F92A2BEED475002610A0 /* PhotosAppTransitionApp.swift */; };
		4474F92D2BEED475002610A0 /* ContentView.swift in Sources */ = {isa = PBXBuildFile; fileRef = 4474F92C2BEED475002610A0 /* ContentView.swift */; };
		4474F92F2BEED477002610A0 /* Assets.xcassets in Resources */ = {isa = PBXBuildFile; fileRef = 4474F92E2BEED477002610A0 /* Assets.xcassets */; };
		4474F9322BEED477002610A0 /* Preview Assets.xcassets in Resources */ = {isa = PBXBuildFile; fileRef = 4474F9312BEED477002610A0 /* Preview Assets.xcassets */; };
		4474F93A2BEED57E002610A0 /* Item.swift in Sources */ = {isa = PBXBuildFile; fileRef = 4474F9392BEED57E002610A0 /* Item.swift */; };
		4474F93C2BEED71D002610A0 /* UICoordinator.swift in Sources */ = {isa = PBXBuildFile; fileRef = 4474F93B2BEED71D002610A0 /* UICoordinator.swift */; };
		4474F93F2BEED7E5002610A0 /* Home.swift in Sources */ = {isa = PBXBuildFile; fileRef = 4474F93E2BEED7E5002610A0 /* Home.swift */; };
		4474F9412BEEDA0F002610A0 /* Detail.swift in Sources */ = {isa = PBXBuildFile; fileRef = 4474F9402BEEDA0E002610A0 /* Detail.swift */; };
/* End PBXBuildFile section */

/* Begin PBXFileReference section */
		446EE37E2BEF924200B85286 /* HeroLayer.swift */ = {isa = PBXFileReference; lastKnownFileType = sourcecode.swift; path = HeroLayer.swift; sourceTree = "<group>"; };
		446EE3802BEF929300B85286 /* HeroKey.swift */ = {isa = PBXFileReference; lastKnownFileType = sourcecode.swift; path = HeroKey.swift; sourceTree = "<group>"; };
		446EE3832BF0217B00B85286 /* View+Extensions.swift */ = {isa = PBXFileReference; lastKnownFileType = sourcecode.swift; path = "View+Extensions.swift"; sourceTree = "<group>"; };
		4474F9272BEED475002610A0 /* PhotosAppTransition.app */ = {isa = PBXFileReference; explicitFileType = wrapper.application; includeInIndex = 0; path = PhotosAppTransition.app; sourceTree = BUILT_PRODUCTS_DIR; };
		4474F92A2BEED475002610A0 /* PhotosAppTransitionApp.swift */ = {isa = PBXFileReference; lastKnownFileType = sourcecode.swift; path = PhotosAppTransitionApp.swift; sourceTree = "<group>"; };
		4474F92C2BEED475002610A0 /* ContentView.swift */ = {isa = PBXFileReference; lastKnownFileType = sourcecode.swift; path = ContentView.swift; sourceTree = "<group>"; };
		4474F92E2BEED477002610A0 /* Assets.xcassets */ = {isa = PBXFileReference; lastKnownFileType = folder.assetcatalog; path = Assets.xcassets; sourceTree = "<group>"; };
		4474F9312BEED477002610A0 /* Preview Assets.xcassets */ = {isa = PBXFileReference; lastKnownFileType = folder.assetcatalog; path = "Preview Assets.xcassets"; sourceTree = "<group>"; };
		4474F9392BEED57E002610A0 /* Item.swift */ = {isa = PBXFileReference; lastKnownFileType = sourcecode.swift; path = Item.swift; sourceTree = "<group>"; };
		4474F93B2BEED71D002610A0 /* UICoordinator.swift */ = {isa = PBXFileReference; lastKnownFileType = sourcecode.swift; path = UICoordinator.swift; sourceTree = "<group>"; };
		4474F93E2BEED7E5002610A0 /* Home.swift */ = {isa = PBXFileReference; lastKnownFileType = sourcecode.swift; path = Home.swift; sourceTree = "<group>"; };
		4474F9402BEEDA0E002610A0 /* Detail.swift */ = {isa = PBXFileReference; lastKnownFileType = sourcecode.swift; path = Detail.swift; sourceTree = "<group>"; };
/* End PBXFileReference section */

/* Begin PBXFrameworksBuildPhase section */
		4474F9242BEED475002610A0 /* Frameworks */ = {
			isa = PBXFrameworksBuildPhase;
			buildActionMask = 2147483647;
			files = (
			);
			runOnlyForDeploymentPostprocessing = 0;
		};
/* End PBXFrameworksBuildPhase section */

/* Begin PBXGroup section */
		446EE3822BF0216100B85286 /* Helper */ = {
			isa = PBXGroup;
			children = (
				446EE3832BF0217B00B85286 /* View+Extensions.swift */,
			);
			name = Helper;
			sourceTree = "<group>";
		};
		4474F91E2BEED475002610A0 = {
			isa = PBXGroup;
			children = (
				4474F9292BEED475002610A0 /* PhotosAppTransition */,
				4474F9282BEED475002610A0 /* Products */,
			);
			sourceTree = "<group>";
		};
		4474F9282BEED475002610A0 /* Products */ = {
			isa = PBXGroup;
			children = (
				4474F9272BEED475002610A0 /* PhotosAppTransition.app */,
			);
			name = Products;
			sourceTree = "<group>";
		};
		4474F9292BEED475002610A0 /* PhotosAppTransition */ = {
			isa = PBXGroup;
			children = (
				4474F93D2BEED7D6002610A0 /* View */,
				4474F9382BEED564002610A0 /* Model */,
				4474F92A2BEED475002610A0 /* PhotosAppTransitionApp.swift */,
				4474F92C2BEED475002610A0 /* ContentView.swift */,
				4474F92E2BEED477002610A0 /* Assets.xcassets */,
				4474F9302BEED477002610A0 /* Preview Content */,
			);
			path = PhotosAppTransition;
			sourceTree = "<group>";
		};
		4474F9302BEED477002610A0 /* Preview Content */ = {
			isa = PBXGroup;
			children = (
				4474F9312BEED477002610A0 /* Preview Assets.xcassets */,
			);
			path = "Preview Content";
			sourceTree = "<group>";
		};
		4474F9382BEED564002610A0 /* Model */ = {
			isa = PBXGroup;
			children = (
				4474F9392BEED57E002610A0 /* Item.swift */,
				4474F93B2BEED71D002610A0 /* UICoordinator.swift */,
				446EE3802BEF929300B85286 /* HeroKey.swift */,
			);
			name = Model;
			sourceTree = "<group>";
		};
		4474F93D2BEED7D6002610A0 /* View */ = {
			isa = PBXGroup;
			children = (
				446EE3822BF0216100B85286 /* Helper */,
				4474F93E2BEED7E5002610A0 /* Home.swift */,
				4474F9402BEEDA0E002610A0 /* Detail.swift */,
				446EE37E2BEF924200B85286 /* HeroLayer.swift */,
			);
			name = View;
			sourceTree = "<group>";
		};
/* End PBXGroup section */

/* Begin PBXNativeTarget section */
		4474F9262BEED475002610A0 /* PhotosAppTransition */ = {
			isa = PBXNativeTarget;
			buildConfigurationList = 4474F9352BEED477002610A0 /* Build configuration list for PBXNativeTarget "PhotosAppTransition" */;
			buildPhases = (
				4474F9232BEED475002610A0 /* Sources */,
				4474F9242BEED475002610A0 /* Frameworks */,
				4474F9252BEED475002610A0 /* Resources */,
			);
			buildRules = (
			);
			dependencies = (
			);
			name = PhotosAppTransition;
			productName = PhotosAppTransition;
			productReference = 4474F9272BEED475002610A0 /* PhotosAppTransition.app */;
			productType = "com.apple.product-type.application";
		};
/* End PBXNativeTarget section */

/* Begin PBXProject section */
		4474F91F2BEED475002610A0 /* Project object */ = {
			isa = PBXProject;
			attributes = {
				BuildIndependentTargetsInParallel = 1;
				LastSwiftUpdateCheck = 1530;
				LastUpgradeCheck = 1530;
				TargetAttributes = {
					4474F9262BEED475002610A0 = {
						CreatedOnToolsVersion = 15.3;
					};
				};
			};
			buildConfigurationList = 4474F9222BEED475002610A0 /* Build configuration list for PBXProject "PhotosAppTransition" */;
			compatibilityVersion = "Xcode 14.0";
			developmentRegion = en;
			hasScannedForEncodings = 0;
			knownRegions = (
				en,
			);
			mainGroup = 4474F91E2BEED475002610A0;
			productRefGroup = 4474F9282BEED475002610A0 /* Products */;
			projectDirPath = "";
			projectRoot = "";
			targets = (
				4474F9262BEED475002610A0 /* PhotosAppTransition */,
			);
		};
/* End PBXProject section */

/* Begin PBXResourcesBuildPhase section */
		4474F9252BEED475002610A0 /* Resources */ = {
			isa = PBXResourcesBuildPhase;
			buildActionMask = 2147483647;
			files = (
				4474F9322BEED477002610A0 /* Preview Assets.xcassets in Resources */,
				4474F92F2BEED477002610A0 /* Assets.xcassets in Resources */,
			);
			runOnlyForDeploymentPostprocessing = 0;
		};
/* End PBXResourcesBuildPhase section */

/* Begin PBXSourcesBuildPhase section */
		4474F9232BEED475002610A0 /* Sources */ = {
			isa = PBXSourcesBuildPhase;
			buildActionMask = 2147483647;
			files = (
				4474F93C2BEED71D002610A0 /* UICoordinator.swift in Sources */,
				446EE3842BF0217B00B85286 /* View+Extensions.swift in Sources */,
				4474F92D2BEED475002610A0 /* ContentView.swift in Sources */,
				446EE37F2BEF924200B85286 /* HeroLayer.swift in Sources */,
				4474F9412BEEDA0F002610A0 /* Detail.swift in Sources */,
				4474F93F2BEED7E5002610A0 /* Home.swift in Sources */,
				4474F93A2BEED57E002610A0 /* Item.swift in Sources */,
				4474F92B2BEED475002610A0 /* PhotosAppTransitionApp.swift in Sources */,
				446EE3812BEF929300B85286 /* HeroKey.swift in Sources */,
			);
			runOnlyForDeploymentPostprocessing = 0;
		};
/* End PBXSourcesBuildPhase section */

/* Begin XCBuildConfiguration section */
		4474F9332BEED477002610A0 /* Debug */ = {
			isa = XCBuildConfiguration;
			buildSettings = {
				ALWAYS_SEARCH_USER_PATHS = NO;
				ASSETCATALOG_COMPILER_GENERATE_SWIFT_ASSET_SYMBOL_EXTENSIONS = YES;
				CLANG_ANALYZER_NONNULL = YES;
				CLANG_ANALYZER_NUMBER_OBJECT_CONVERSION = YES_AGGRESSIVE;
				CLANG_CXX_LANGUAGE_STANDARD = "gnu++20";
				CLANG_ENABLE_MODULES = YES;
				CLANG_ENABLE_OBJC_ARC = YES;
				CLANG_ENABLE_OBJC_WEAK = YES;
				CLANG_WARN_BLOCK_CAPTURE_AUTORELEASING = YES;
				CLANG_WARN_BOOL_CONVERSION = YES;
				CLANG_WARN_COMMA = YES;
				CLANG_WARN_CONSTANT_CONVERSION = YES;
				CLANG_WARN_DEPRECATED_OBJC_IMPLEMENTATIONS = YES;
				CLANG_WARN_DIRECT_OBJC_ISA_USAGE = YES_ERROR;
				CLANG_WARN_DOCUMENTATION_COMMENTS = YES;
				CLANG_WARN_EMPTY_BODY = YES;
				CLANG_WARN_ENUM_CONVERSION = YES;
				CLANG_WARN_INFINITE_RECURSION = YES;
				CLANG_WARN_INT_CONVERSION = YES;
				CLANG_WARN_NON_LITERAL_NULL_CONVERSION = YES;
				CLANG_WARN_OBJC_IMPLICIT_RETAIN_SELF = YES;
				CLANG_WARN_OBJC_LITERAL_CONVERSION = YES;
				CLANG_WARN_OBJC_ROOT_CLASS = YES_ERROR;
				CLANG_WARN_QUOTED_INCLUDE_IN_FRAMEWORK_HEADER = YES;
				CLANG_WARN_RANGE_LOOP_ANALYSIS = YES;
				CLANG_WARN_STRICT_PROTOTYPES = YES;
				CLANG_WARN_SUSPICIOUS_MOVE = YES;
				CLANG_WARN_UNGUARDED_AVAILABILITY = YES_AGGRESSIVE;
				CLANG_WARN_UNREACHABLE_CODE = YES;
				CLANG_WARN__DUPLICATE_METHOD_MATCH = YES;
				COPY_PHASE_STRIP = NO;
				DEBUG_INFORMATION_FORMAT = dwarf;
				ENABLE_STRICT_OBJC_MSGSEND = YES;
				ENABLE_TESTABILITY = YES;
				ENABLE_USER_SCRIPT_SANDBOXING = YES;
				GCC_C_LANGUAGE_STANDARD = gnu17;
				GCC_DYNAMIC_NO_PIC = NO;
				GCC_NO_COMMON_BLOCKS = YES;
				GCC_OPTIMIZATION_LEVEL = 0;
				GCC_PREPROCESSOR_DEFINITIONS = (
					"DEBUG=1",
					"$(inherited)",
				);
				GCC_WARN_64_TO_32_BIT_CONVERSION = YES;
				GCC_WARN_ABOUT_RETURN_TYPE = YES_ERROR;
				GCC_WARN_UNDECLARED_SELECTOR = YES;
				GCC_WARN_UNINITIALIZED_AUTOS = YES_AGGRESSIVE;
				GCC_WARN_UNUSED_FUNCTION = YES;
				GCC_WARN_UNUSED_VARIABLE = YES;
				IPHONEOS_DEPLOYMENT_TARGET = 17.4;
				LOCALIZATION_PREFERS_STRING_CATALOGS = YES;
				MTL_ENABLE_DEBUG_INFO = INCLUDE_SOURCE;
				MTL_FAST_MATH = YES;
				ONLY_ACTIVE_ARCH = YES;
				SDKROOT = iphoneos;
				SWIFT_ACTIVE_COMPILATION_CONDITIONS = "DEBUG $(inherited)";
				SWIFT_OPTIMIZATION_LEVEL = "-Onone";
			};
			name = Debug;
		};
		4474F9342BEED477002610A0 /* Release */ = {
			isa = XCBuildConfiguration;
			buildSettings = {
				ALWAYS_SEARCH_USER_PATHS = NO;
				ASSETCATALOG_COMPILER_GENERATE_SWIFT_ASSET_SYMBOL_EXTENSIONS = YES;
				CLANG_ANALYZER_NONNULL = YES;
				CLANG_ANALYZER_NUMBER_OBJECT_CONVERSION = YES_AGGRESSIVE;
				CLANG_CXX_LANGUAGE_STANDARD = "gnu++20";
				CLANG_ENABLE_MODULES = YES;
				CLANG_ENABLE_OBJC_ARC = YES;
				CLANG_ENABLE_OBJC_WEAK = YES;
				CLANG_WARN_BLOCK_CAPTURE_AUTORELEASING = YES;
				CLANG_WARN_BOOL_CONVERSION = YES;
				CLANG_WARN_COMMA = YES;
				CLANG_WARN_CONSTANT_CONVERSION = YES;
				CLANG_WARN_DEPRECATED_OBJC_IMPLEMENTATIONS = YES;
				CLANG_WARN_DIRECT_OBJC_ISA_USAGE = YES_ERROR;
				CLANG_WARN_DOCUMENTATION_COMMENTS = YES;
				CLANG_WARN_EMPTY_BODY = YES;
				CLANG_WARN_ENUM_CONVERSION = YES;
				CLANG_WARN_INFINITE_RECURSION = YES;
				CLANG_WARN_INT_CONVERSION = YES;
				CLANG_WARN_NON_LITERAL_NULL_CONVERSION = YES;
				CLANG_WARN_OBJC_IMPLICIT_RETAIN_SELF = YES;
				CLANG_WARN_OBJC_LITERAL_CONVERSION = YES;
				CLANG_WARN_OBJC_ROOT_CLASS = YES_ERROR;
				CLANG_WARN_QUOTED_INCLUDE_IN_FRAMEWORK_HEADER = YES;
				CLANG_WARN_RANGE_LOOP_ANALYSIS = YES;
				CLANG_WARN_STRICT_PROTOTYPES = YES;
				CLANG_WARN_SUSPICIOUS_MOVE = YES;
				CLANG_WARN_UNGUARDED_AVAILABILITY = YES_AGGRESSIVE;
				CLANG_WARN_UNREACHABLE_CODE = YES;
				CLANG_WARN__DUPLICATE_METHOD_MATCH = YES;
				COPY_PHASE_STRIP = NO;
				DEBUG_INFORMATION_FORMAT = "dwarf-with-dsym";
				ENABLE_NS_ASSERTIONS = NO;
				ENABLE_STRICT_OBJC_MSGSEND = YES;
				ENABLE_USER_SCRIPT_SANDBOXING = YES;
				GCC_C_LANGUAGE_STANDARD = gnu17;
				GCC_NO_COMMON_BLOCKS = YES;
				GCC_WARN_64_TO_32_BIT_CONVERSION = YES;
				GCC_WARN_ABOUT_RETURN_TYPE = YES_ERROR;
				GCC_WARN_UNDECLARED_SELECTOR = YES;
				GCC_WARN_UNINITIALIZED_AUTOS = YES_AGGRESSIVE;
				GCC_WARN_UNUSED_FUNCTION = YES;
				GCC_WARN_UNUSED_VARIABLE = YES;
				IPHONEOS_DEPLOYMENT_TARGET = 17.4;
				LOCALIZATION_PREFERS_STRING_CATALOGS = YES;
				MTL_ENABLE_DEBUG_INFO = NO;
				MTL_FAST_MATH = YES;
				SDKROOT = iphoneos;
				SWIFT_COMPILATION_MODE = wholemodule;
				VALIDATE_PRODUCT = YES;
			};
			name = Release;
		};
		4474F9362BEED477002610A0 /* Debug */ = {
			isa = XCBuildConfiguration;
			buildSettings = {
				ASSETCATALOG_COMPILER_APPICON_NAME = AppIcon;
				ASSETCATALOG_COMPILER_GLOBAL_ACCENT_COLOR_NAME = AccentColor;
				CODE_SIGN_STYLE = Automatic;
				CURRENT_PROJECT_VERSION = 1;
				DEVELOPMENT_ASSET_PATHS = "\"PhotosAppTransition/Preview Content\"";
				ENABLE_PREVIEWS = YES;
				GENERATE_INFOPLIST_FILE = YES;
				INFOPLIST_KEY_UIApplicationSceneManifest_Generation = YES;
				INFOPLIST_KEY_UIApplicationSupportsIndirectInputEvents = YES;
				INFOPLIST_KEY_UILaunchScreen_Generation = YES;
				INFOPLIST_KEY_UISupportedInterfaceOrientations_iPad = "UIInterfaceOrientationPortrait UIInterfaceOrientationPortraitUpsideDown UIInterfaceOrientationLandscapeLeft UIInterfaceOrientationLandscapeRight";
				INFOPLIST_KEY_UISupportedInterfaceOrientations_iPhone = "UIInterfaceOrientationPortrait UIInterfaceOrientationLandscapeLeft UIInterfaceOrientationLandscapeRight";
				LD_RUNPATH_SEARCH_PATHS = (
					"$(inherited)",
					"@executable_path/Frameworks",
				);
				MARKETING_VERSION = 1.0;
				PRODUCT_BUNDLE_IDENTIFIER = com.JRG79.PhotosAppTransition;
				PRODUCT_NAME = "$(TARGET_NAME)";
				SUPPORTED_PLATFORMS = "iphoneos iphonesimulator";
				SUPPORTS_MACCATALYST = NO;
				SUPPORTS_MAC_DESIGNED_FOR_IPHONE_IPAD = NO;
				SUPPORTS_XR_DESIGNED_FOR_IPHONE_IPAD = NO;
				SWIFT_EMIT_LOC_STRINGS = YES;
				SWIFT_VERSION = 5.0;
				TARGETED_DEVICE_FAMILY = 1;
			};
			name = Debug;
		};
		4474F9372BEED477002610A0 /* Release */ = {
			isa = XCBuildConfiguration;
			buildSettings = {
				ASSETCATALOG_COMPILER_APPICON_NAME = AppIcon;
				ASSETCATALOG_COMPILER_GLOBAL_ACCENT_COLOR_NAME = AccentColor;
				CODE_SIGN_STYLE = Automatic;
				CURRENT_PROJECT_VERSION = 1;
				DEVELOPMENT_ASSET_PATHS = "\"PhotosAppTransition/Preview Content\"";
				ENABLE_PREVIEWS = YES;
				GENERATE_INFOPLIST_FILE = YES;
				INFOPLIST_KEY_UIApplicationSceneManifest_Generation = YES;
				INFOPLIST_KEY_UIApplicationSupportsIndirectInputEvents = YES;
				INFOPLIST_KEY_UILaunchScreen_Generation = YES;
				INFOPLIST_KEY_UISupportedInterfaceOrientations_iPad = "UIInterfaceOrientationPortrait UIInterfaceOrientationPortraitUpsideDown UIInterfaceOrientationLandscapeLeft UIInterfaceOrientationLandscapeRight";
				INFOPLIST_KEY_UISupportedInterfaceOrientations_iPhone = "UIInterfaceOrientationPortrait UIInterfaceOrientationLandscapeLeft UIInterfaceOrientationLandscapeRight";
				LD_RUNPATH_SEARCH_PATHS = (
					"$(inherited)",
					"@executable_path/Frameworks",
				);
				MARKETING_VERSION = 1.0;
				PRODUCT_BUNDLE_IDENTIFIER = com.JRG79.PhotosAppTransition;
				PRODUCT_NAME = "$(TARGET_NAME)";
				SUPPORTED_PLATFORMS = "iphoneos iphonesimulator";
				SUPPORTS_MACCATALYST = NO;
				SUPPORTS_MAC_DESIGNED_FOR_IPHONE_IPAD = NO;
				SUPPORTS_XR_DESIGNED_FOR_IPHONE_IPAD = NO;
				SWIFT_EMIT_LOC_STRINGS = YES;
				SWIFT_VERSION = 5.0;
				TARGETED_DEVICE_FAMILY = 1;
			};
			name = Release;
		};
/* End XCBuildConfiguration section */

/* Begin XCConfigurationList section */
		4474F9222BEED475002610A0 /* Build configuration list for PBXProject "PhotosAppTransition" */ = {
			isa = XCConfigurationList;
			buildConfigurations = (
				4474F9332BEED477002610A0 /* Debug */,
				4474F9342BEED477002610A0 /* Release */,
			);
			defaultConfigurationIsVisible = 0;
			defaultConfigurationName = Release;
		};
		4474F9352BEED477002610A0 /* Build configuration list for PBXNativeTarget "PhotosAppTransition" */ = {
			isa = XCConfigurationList;
			buildConfigurations = (
				4474F9362BEED477002610A0 /* Debug */,
				4474F9372BEED477002610A0 /* Release */,
			);
			defaultConfigurationIsVisible = 0;
			defaultConfigurationName = Release;
		};
/* End XCConfigurationList section */
	};
	rootObject = 4474F91F2BEED475002610A0 /* Project object */;
}
