// !$*UTF8*$!
{
	archiveVersion = 1;
	classes = {
	};
	objectVersion = 55;
	objects = {

/* Begin PBXBuildFile section */
		4404E78A27E7F350005E0D42 /* BarGraphsApp.swift in Sources */ = {isa = PBXBuildFile; fileRef = 4404E78927E7F350005E0D42 /* BarGraphsApp.swift */; };
		4404E78C27E7F350005E0D42 /* ContentView.swift in Sources */ = {isa = PBXBuildFile; fileRef = 4404E78B27E7F350005E0D42 /* ContentView.swift */; };
		4404E78E27E7F352005E0D42 /* Assets.xcassets in Resources */ = {isa = PBXBuildFile; fileRef = 4404E78D27E7F352005E0D42 /* Assets.xcassets */; };
		4404E79127E7F352005E0D42 /* Preview Assets.xcassets in Resources */ = {isa = PBXBuildFile; fileRef = 4404E79027E7F352005E0D42 /* Preview Assets.xcassets */; };
		4404E79A27E7F425005E0D42 /* BaseView.swift in Sources */ = {isa = PBXBuildFile; fileRef = 4404E79927E7F425005E0D42 /* BaseView.swift */; };
		4404E7A027E803E4005E0D42 /* Home.swift in Sources */ = {isa = PBXBuildFile; fileRef = 4404E79F27E803E4005E0D42 /* Home.swift */; };
		44BBE77627E8EC7800DA34E7 /* BarGraph.swift in Sources */ = {isa = PBXBuildFile; fileRef = 44BBE77527E8EC7800DA34E7 /* BarGraph.swift */; };
		44BBE77827E8ECC400DA34E7 /* Download.swift in Sources */ = {isa = PBXBuildFile; fileRef = 44BBE77727E8ECC400DA34E7 /* Download.swift */; };
/* End PBXBuildFile section */

/* Begin PBXFileReference section */
		4404E78627E7F350005E0D42 /* BarGraphs.app */ = {isa = PBXFileReference; explicitFileType = wrapper.application; includeInIndex = 0; path = BarGraphs.app; sourceTree = BUILT_PRODUCTS_DIR; };
		4404E78927E7F350005E0D42 /* BarGraphsApp.swift */ = {isa = PBXFileReference; lastKnownFileType = sourcecode.swift; path = BarGraphsApp.swift; sourceTree = "<group>"; };
		4404E78B27E7F350005E0D42 /* ContentView.swift */ = {isa = PBXFileReference; lastKnownFileType = sourcecode.swift; path = ContentView.swift; sourceTree = "<group>"; };
		4404E78D27E7F352005E0D42 /* Assets.xcassets */ = {isa = PBXFileReference; lastKnownFileType = folder.assetcatalog; path = Assets.xcassets; sourceTree = "<group>"; };
		4404E79027E7F352005E0D42 /* Preview Assets.xcassets */ = {isa = PBXFileReference; lastKnownFileType = folder.assetcatalog; path = "Preview Assets.xcassets"; sourceTree = "<group>"; };
		4404E79927E7F425005E0D42 /* BaseView.swift */ = {isa = PBXFileReference; lastKnownFileType = sourcecode.swift; path = BaseView.swift; sourceTree = "<group>"; };
		4404E79F27E803E4005E0D42 /* Home.swift */ = {isa = PBXFileReference; lastKnownFileType = sourcecode.swift; path = Home.swift; sourceTree = "<group>"; };
		44BBE77527E8EC7800DA34E7 /* BarGraph.swift */ = {isa = PBXFileReference; lastKnownFileType = sourcecode.swift; path = BarGraph.swift; sourceTree = "<group>"; };
		44BBE77727E8ECC400DA34E7 /* Download.swift */ = {isa = PBXFileReference; lastKnownFileType = sourcecode.swift; path = Download.swift; sourceTree = "<group>"; };
/* End PBXFileReference section */

/* Begin PBXFrameworksBuildPhase section */
		4404E78327E7F350005E0D42 /* Frameworks */ = {
			isa = PBXFrameworksBuildPhase;
			buildActionMask = 2147483647;
			files = (
			);
			runOnlyForDeploymentPostprocessing = 0;
		};
/* End PBXFrameworksBuildPhase section */

/* Begin PBXGroup section */
		4404E77D27E7F350005E0D42 = {
			isa = PBXGroup;
			children = (
				4404E78827E7F350005E0D42 /* BarGraphs */,
				4404E78727E7F350005E0D42 /* Products */,
			);
			sourceTree = "<group>";
		};
		4404E78727E7F350005E0D42 /* Products */ = {
			isa = PBXGroup;
			children = (
				4404E78627E7F350005E0D42 /* BarGraphs.app */,
			);
			name = Products;
			sourceTree = "<group>";
		};
		4404E78827E7F350005E0D42 /* BarGraphs */ = {
			isa = PBXGroup;
			children = (
				4404E79827E7F40C005E0D42 /* Model */,
				4404E79727E7F404005E0D42 /* Viiew */,
				4404E78927E7F350005E0D42 /* BarGraphsApp.swift */,
				4404E78B27E7F350005E0D42 /* ContentView.swift */,
				4404E78D27E7F352005E0D42 /* Assets.xcassets */,
				4404E78F27E7F352005E0D42 /* Preview Content */,
			);
			path = BarGraphs;
			sourceTree = "<group>";
		};
		4404E78F27E7F352005E0D42 /* Preview Content */ = {
			isa = PBXGroup;
			children = (
				4404E79027E7F352005E0D42 /* Preview Assets.xcassets */,
			);
			path = "Preview Content";
			sourceTree = "<group>";
		};
		4404E79727E7F404005E0D42 /* Viiew */ = {
			isa = PBXGroup;
			children = (
				4404E79927E7F425005E0D42 /* BaseView.swift */,
				4404E79F27E803E4005E0D42 /* Home.swift */,
				44BBE77527E8EC7800DA34E7 /* BarGraph.swift */,
			);
			path = Viiew;
			sourceTree = "<group>";
		};
		4404E79827E7F40C005E0D42 /* Model */ = {
			isa = PBXGroup;
			children = (
				44BBE77727E8ECC400DA34E7 /* Download.swift */,
			);
			path = Model;
			sourceTree = "<group>";
		};
/* End PBXGroup section */

/* Begin PBXNativeTarget section */
		4404E78527E7F350005E0D42 /* BarGraphs */ = {
			isa = PBXNativeTarget;
			buildConfigurationList = 4404E79427E7F352005E0D42 /* Build configuration list for PBXNativeTarget "BarGraphs" */;
			buildPhases = (
				4404E78227E7F350005E0D42 /* Sources */,
				4404E78327E7F350005E0D42 /* Frameworks */,
				4404E78427E7F350005E0D42 /* Resources */,
			);
			buildRules = (
			);
			dependencies = (
			);
			name = BarGraphs;
			productName = BarGraphs;
			productReference = 4404E78627E7F350005E0D42 /* BarGraphs.app */;
			productType = "com.apple.product-type.application";
		};
/* End PBXNativeTarget section */

/* Begin PBXProject section */
		4404E77E27E7F350005E0D42 /* Project object */ = {
			isa = PBXProject;
			attributes = {
				BuildIndependentTargetsInParallel = 1;
				LastSwiftUpdateCheck = 1330;
				LastUpgradeCheck = 1330;
				TargetAttributes = {
					4404E78527E7F350005E0D42 = {
						CreatedOnToolsVersion = 13.3;
					};
				};
			};
			buildConfigurationList = 4404E78127E7F350005E0D42 /* Build configuration list for PBXProject "BarGraphs" */;
			compatibilityVersion = "Xcode 13.0";
			developmentRegion = en;
			hasScannedForEncodings = 0;
			knownRegions = (
				en,
				Base,
			);
			mainGroup = 4404E77D27E7F350005E0D42;
			productRefGroup = 4404E78727E7F350005E0D42 /* Products */;
			projectDirPath = "";
			projectRoot = "";
			targets = (
				4404E78527E7F350005E0D42 /* BarGraphs */,
			);
		};
/* End PBXProject section */

/* Begin PBXResourcesBuildPhase section */
		4404E78427E7F350005E0D42 /* Resources */ = {
			isa = PBXResourcesBuildPhase;
			buildActionMask = 2147483647;
			files = (
				4404E79127E7F352005E0D42 /* Preview Assets.xcassets in Resources */,
				4404E78E27E7F352005E0D42 /* Assets.xcassets in Resources */,
			);
			runOnlyForDeploymentPostprocessing = 0;
		};
/* End PBXResourcesBuildPhase section */

/* Begin PBXSourcesBuildPhase section */
		4404E78227E7F350005E0D42 /* Sources */ = {
			isa = PBXSourcesBuildPhase;
			buildActionMask = 2147483647;
			files = (
				44BBE77627E8EC7800DA34E7 /* BarGraph.swift in Sources */,
				4404E79A27E7F425005E0D42 /* BaseView.swift in Sources */,
				4404E78C27E7F350005E0D42 /* ContentView.swift in Sources */,
				44BBE77827E8ECC400DA34E7 /* Download.swift in Sources */,
				4404E7A027E803E4005E0D42 /* Home.swift in Sources */,
				4404E78A27E7F350005E0D42 /* BarGraphsApp.swift in Sources */,
			);
			runOnlyForDeploymentPostprocessing = 0;
		};
/* End PBXSourcesBuildPhase section */

/* Begin XCBuildConfiguration section */
		4404E79227E7F352005E0D42 /* Debug */ = {
			isa = XCBuildConfiguration;
			buildSettings = {
				ALWAYS_SEARCH_USER_PATHS = NO;
				CLANG_ANALYZER_NONNULL = YES;
				CLANG_ANALYZER_NUMBER_OBJECT_CONVERSION = YES_AGGRESSIVE;
				CLANG_CXX_LANGUAGE_STANDARD = "gnu++17";
				CLANG_ENABLE_MODULES = YES;
				CLANG_ENABLE_OBJC_ARC = YES;
				CLANG_ENABLE_OBJC_WEAK = YES;
				CLANG_WARN_BLOCK_CAPTURE_AUTORELEASING = YES;
				CLANG_WARN_BOOL_CONVERSION = YES;
				CLANG_WARN_COMMA = YES;
				CLANG_WARN_CONSTANT_CONVERSION = YES;
				CLANG_WARN_DEPRECATED_OBJC_IMPLEMENTATIONS = YES;
				CLANG_WARN_DIRECT_OBJC_ISA_USAGE = YES_ERROR;
				CLANG_WARN_DOCUMENTATION_COMMENTS = YES;
				CLANG_WARN_EMPTY_BODY = YES;
				CLANG_WARN_ENUM_CONVERSION = YES;
				CLANG_WARN_INFINITE_RECURSION = YES;
				CLANG_WARN_INT_CONVERSION = YES;
				CLANG_WARN_NON_LITERAL_NULL_CONVERSION = YES;
				CLANG_WARN_OBJC_IMPLICIT_RETAIN_SELF = YES;
				CLANG_WARN_OBJC_LITERAL_CONVERSION = YES;
				CLANG_WARN_OBJC_ROOT_CLASS = YES_ERROR;
				CLANG_WARN_QUOTED_INCLUDE_IN_FRAMEWORK_HEADER = YES;
				CLANG_WARN_RANGE_LOOP_ANALYSIS = YES;
				CLANG_WARN_STRICT_PROTOTYPES = YES;
				CLANG_WARN_SUSPICIOUS_MOVE = YES;
				CLANG_WARN_UNGUARDED_AVAILABILITY = YES_AGGRESSIVE;
				CLANG_WARN_UNREACHABLE_CODE = YES;
				CLANG_WARN__DUPLICATE_METHOD_MATCH = YES;
				COPY_PHASE_STRIP = NO;
				DEBUG_INFORMATION_FORMAT = dwarf;
				ENABLE_STRICT_OBJC_MSGSEND = YES;
				ENABLE_TESTABILITY = YES;
				GCC_C_LANGUAGE_STANDARD = gnu11;
				GCC_DYNAMIC_NO_PIC = NO;
				GCC_NO_COMMON_BLOCKS = YES;
				GCC_OPTIMIZATION_LEVEL = 0;
				GCC_PREPROCESSOR_DEFINITIONS = (
					"DEBUG=1",
					"$(inherited)",
				);
				GCC_WARN_64_TO_32_BIT_CONVERSION = YES;
				GCC_WARN_ABOUT_RETURN_TYPE = YES_ERROR;
				GCC_WARN_UNDECLARED_SELECTOR = YES;
				GCC_WARN_UNINITIALIZED_AUTOS = YES_AGGRESSIVE;
				GCC_WARN_UNUSED_FUNCTION = YES;
				GCC_WARN_UNUSED_VARIABLE = YES;
				IPHONEOS_DEPLOYMENT_TARGET = 15.4;
				MTL_ENABLE_DEBUG_INFO = INCLUDE_SOURCE;
				MTL_FAST_MATH = YES;
				ONLY_ACTIVE_ARCH = YES;
				SDKROOT = iphoneos;
				SWIFT_ACTIVE_COMPILATION_CONDITIONS = DEBUG;
				SWIFT_OPTIMIZATION_LEVEL = "-Onone";
			};
			name = Debug;
		};
		4404E79327E7F352005E0D42 /* Release */ = {
			isa = XCBuildConfiguration;
			buildSettings = {
				ALWAYS_SEARCH_USER_PATHS = NO;
				CLANG_ANALYZER_NONNULL = YES;
				CLANG_ANALYZER_NUMBER_OBJECT_CONVERSION = YES_AGGRESSIVE;
				CLANG_CXX_LANGUAGE_STANDARD = "gnu++17";
				CLANG_ENABLE_MODULES = YES;
				CLANG_ENABLE_OBJC_ARC = YES;
				CLANG_ENABLE_OBJC_WEAK = YES;
				CLANG_WARN_BLOCK_CAPTURE_AUTORELEASING = YES;
				CLANG_WARN_BOOL_CONVERSION = YES;
				CLANG_WARN_COMMA = YES;
				CLANG_WARN_CONSTANT_CONVERSION = YES;
				CLANG_WARN_DEPRECATED_OBJC_IMPLEMENTATIONS = YES;
				CLANG_WARN_DIRECT_OBJC_ISA_USAGE = YES_ERROR;
				CLANG_WARN_DOCUMENTATION_COMMENTS = YES;
				CLANG_WARN_EMPTY_BODY = YES;
				CLANG_WARN_ENUM_CONVERSION = YES;
				CLANG_WARN_INFINITE_RECURSION = YES;
				CLANG_WARN_INT_CONVERSION = YES;
				CLANG_WARN_NON_LITERAL_NULL_CONVERSION = YES;
				CLANG_WARN_OBJC_IMPLICIT_RETAIN_SELF = YES;
				CLANG_WARN_OBJC_LITERAL_CONVERSION = YES;
				CLANG_WARN_OBJC_ROOT_CLASS = YES_ERROR;
				CLANG_WARN_QUOTED_INCLUDE_IN_FRAMEWORK_HEADER = YES;
				CLANG_WARN_RANGE_LOOP_ANALYSIS = YES;
				CLANG_WARN_STRICT_PROTOTYPES = YES;
				CLANG_WARN_SUSPICIOUS_MOVE = YES;
				CLANG_WARN_UNGUARDED_AVAILABILITY = YES_AGGRESSIVE;
				CLANG_WARN_UNREACHABLE_CODE = YES;
				CLANG_WARN__DUPLICATE_METHOD_MATCH = YES;
				COPY_PHASE_STRIP = NO;
				DEBUG_INFORMATION_FORMAT = "dwarf-with-dsym";
				ENABLE_NS_ASSERTIONS = NO;
				ENABLE_STRICT_OBJC_MSGSEND = YES;
				GCC_C_LANGUAGE_STANDARD = gnu11;
				GCC_NO_COMMON_BLOCKS = YES;
				GCC_WARN_64_TO_32_BIT_CONVERSION = YES;
				GCC_WARN_ABOUT_RETURN_TYPE = YES_ERROR;
				GCC_WARN_UNDECLARED_SELECTOR = YES;
				GCC_WARN_UNINITIALIZED_AUTOS = YES_AGGRESSIVE;
				GCC_WARN_UNUSED_FUNCTION = YES;
				GCC_WARN_UNUSED_VARIABLE = YES;
				IPHONEOS_DEPLOYMENT_TARGET = 15.4;
				MTL_ENABLE_DEBUG_INFO = NO;
				MTL_FAST_MATH = YES;
				SDKROOT = iphoneos;
				SWIFT_COMPILATION_MODE = wholemodule;
				SWIFT_OPTIMIZATION_LEVEL = "-O";
				VALIDATE_PRODUCT = YES;
			};
			name = Release;
		};
		4404E79527E7F352005E0D42 /* Debug */ = {
			isa = XCBuildConfiguration;
			buildSettings = {
				ASSETCATALOG_COMPILER_APPICON_NAME = AppIcon;
				ASSETCATALOG_COMPILER_GLOBAL_ACCENT_COLOR_NAME = AccentColor;
				CODE_SIGN_STYLE = Automatic;
				CURRENT_PROJECT_VERSION = 1;
				DEVELOPMENT_ASSET_PATHS = "\"BarGraphs/Preview Content\"";
				DEVELOPMENT_TEAM = CHK25YBYJC;
				ENABLE_PREVIEWS = YES;
				GENERATE_INFOPLIST_FILE = YES;
				INFOPLIST_KEY_UIApplicationSceneManifest_Generation = YES;
				INFOPLIST_KEY_UIApplicationSupportsIndirectInputEvents = YES;
				INFOPLIST_KEY_UILaunchScreen_Generation = YES;
				INFOPLIST_KEY_UISupportedInterfaceOrientations_iPad = "UIInterfaceOrientationPortrait UIInterfaceOrientationPortraitUpsideDown UIInterfaceOrientationLandscapeLeft UIInterfaceOrientationLandscapeRight";
				INFOPLIST_KEY_UISupportedInterfaceOrientations_iPhone = "UIInterfaceOrientationPortrait UIInterfaceOrientationLandscapeLeft UIInterfaceOrientationLandscapeRight";
				LD_RUNPATH_SEARCH_PATHS = (
					"$(inherited)",
					"@executable_path/Frameworks",
				);
				MARKETING_VERSION = 1.0;
				PRODUCT_BUNDLE_IDENTIFIER = JRG79.BarGraphs;
				PRODUCT_NAME = "$(TARGET_NAME)";
				SWIFT_EMIT_LOC_STRINGS = YES;
				SWIFT_VERSION = 5.0;
				TARGETED_DEVICE_FAMILY = "1,2";
			};
			name = Debug;
		};
		4404E79627E7F352005E0D42 /* Release */ = {
			isa = XCBuildConfiguration;
			buildSettings = {
				ASSETCATALOG_COMPILER_APPICON_NAME = AppIcon;
				ASSETCATALOG_COMPILER_GLOBAL_ACCENT_COLOR_NAME = AccentColor;
				CODE_SIGN_STYLE = Automatic;
				CURRENT_PROJECT_VERSION = 1;
				DEVELOPMENT_ASSET_PATHS = "\"BarGraphs/Preview Content\"";
				DEVELOPMENT_TEAM = CHK25YBYJC;
				ENABLE_PREVIEWS = YES;
				GENERATE_INFOPLIST_FILE = YES;
				INFOPLIST_KEY_UIApplicationSceneManifest_Generation = YES;
				INFOPLIST_KEY_UIApplicationSupportsIndirectInputEvents = YES;
				INFOPLIST_KEY_UILaunchScreen_Generation = YES;
				INFOPLIST_KEY_UISupportedInterfaceOrientations_iPad = "UIInterfaceOrientationPortrait UIInterfaceOrientationPortraitUpsideDown UIInterfaceOrientationLandscapeLeft UIInterfaceOrientationLandscapeRight";
				INFOPLIST_KEY_UISupportedInterfaceOrientations_iPhone = "UIInterfaceOrientationPortrait UIInterfaceOrientationLandscapeLeft UIInterfaceOrientationLandscapeRight";
				LD_RUNPATH_SEARCH_PATHS = (
					"$(inherited)",
					"@executable_path/Frameworks",
				);
				MARKETING_VERSION = 1.0;
				PRODUCT_BUNDLE_IDENTIFIER = JRG79.BarGraphs;
				PRODUCT_NAME = "$(TARGET_NAME)";
				SWIFT_EMIT_LOC_STRINGS = YES;
				SWIFT_VERSION = 5.0;
				TARGETED_DEVICE_FAMILY = "1,2";
			};
			name = Release;
		};
/* End XCBuildConfiguration section */

/* Begin XCConfigurationList section */
		4404E78127E7F350005E0D42 /* Build configuration list for PBXProject "BarGraphs" */ = {
			isa = XCConfigurationList;
			buildConfigurations = (
				4404E79227E7F352005E0D42 /* Debug */,
				4404E79327E7F352005E0D42 /* Release */,
			);
			defaultConfigurationIsVisible = 0;
			defaultConfigurationName = Release;
		};
		4404E79427E7F352005E0D42 /* Build configuration list for PBXNativeTarget "BarGraphs" */ = {
			isa = XCConfigurationList;
			buildConfigurations = (
				4404E79527E7F352005E0D42 /* Debug */,
				4404E79627E7F352005E0D42 /* Release */,
			);
			defaultConfigurationIsVisible = 0;
			defaultConfigurationName = Release;
		};
/* End XCConfigurationList section */
	};
	rootObject = 4404E77E27E7F350005E0D42 /* Project object */;
}
